
Microsoft Visual Studio Solution File, Format Version 12.00
# Visual Studio Version 17
VisualStudioVersion = 17.7.34221.43
MinimumVisualStudioVersion = 10.0.40219.1
Project("{FAE04EC0-301F-11D3-BF4B-00C04F79EFBC}") = "FuncionariosAPI", "FuncionariosAPI\FuncionariosAPI.csproj", "{AFD755C8-846B-45C0-8476-F2D51731BA4D}"
EndProject
Global
	GlobalSection(SolutionConfigurationPlatforms) = preSolution
		Debug|Any CPU = Debug|Any CPU
		Release|Any CPU = Release|Any CPU
	EndGlobalSection
	GlobalSection(ProjectConfigurationPlatforms) = postSolution
		{AFD755C8-846B-45C0-8476-F2D51731BA4D}.Debug|Any CPU.ActiveCfg = Debug|Any CPU
		{AFD755C8-846B-45C0-8476-F2D51731BA4D}.Debug|Any CPU.Build.0 = Debug|Any CPU
		{AFD755C8-846B-45C0-8476-F2D51731BA4D}.Release|Any CPU.ActiveCfg = Release|Any CPU
		{AFD755C8-846B-45C0-8476-F2D51731BA4D}.Release|Any CPU.Build.0 = Release|Any CPU
	EndGlobalSection
	GlobalSection(SolutionProperties) = preSolution
		HideSolutionNode = FALSE
	EndGlobalSection
	GlobalSection(ExtensibilityGlobals) = postSolution
		SolutionGuid = {CB4A2705-1354-4FA6-90D6-3C8459092E36}
	EndGlobalSection
EndGlobal
